
Microsoft Visual Studio Solution File, Format Version 12.00
# Visual Studio Version 16
VisualStudioVersion = 16.0.31112.23
MinimumVisualStudioVersion = 10.0.40219.1
Project("{FAE04EC0-301F-11D3-BF4B-00C04F79EFBC}") = "WebApi_Professores2", "WebApi_Professores2\WebApi_Professores2.csproj", "{6D722D92-B9A7-4EDB-BBE1-46D665324EBE}"
EndProject
Project("{FAE04EC0-301F-11D3-BF4B-00C04F79EFBC}") = "ProfessorTest", "ProfessorTest\ProfessorTest.csproj", "{243960D7-0DA8-4B1D-AB1F-99A3B4AD8018}"
EndProject
Global
	GlobalSection(SolutionConfigurationPlatforms) = preSolution
		Debug|Any CPU = Debug|Any CPU
		Release|Any CPU = Release|Any CPU
	EndGlobalSection
	GlobalSection(ProjectConfigurationPlatforms) = postSolution
		{6D722D92-B9A7-4EDB-BBE1-46D665324EBE}.Debug|Any CPU.ActiveCfg = Debug|Any CPU
		{6D722D92-B9A7-4EDB-BBE1-46D665324EBE}.Debug|Any CPU.Build.0 = Debug|Any CPU
		{6D722D92-B9A7-4EDB-BBE1-46D665324EBE}.Release|Any CPU.ActiveCfg = Release|Any CPU
		{6D722D92-B9A7-4EDB-BBE1-46D665324EBE}.Release|Any CPU.Build.0 = Release|Any CPU
		{243960D7-0DA8-4B1D-AB1F-99A3B4AD8018}.Debug|Any CPU.ActiveCfg = Debug|Any CPU
		{243960D7-0DA8-4B1D-AB1F-99A3B4AD8018}.Debug|Any CPU.Build.0 = Debug|Any CPU
		{243960D7-0DA8-4B1D-AB1F-99A3B4AD8018}.Release|Any CPU.ActiveCfg = Release|Any CPU
		{243960D7-0DA8-4B1D-AB1F-99A3B4AD8018}.Release|Any CPU.Build.0 = Release|Any CPU
	EndGlobalSection
	GlobalSection(SolutionProperties) = preSolution
		HideSolutionNode = FALSE
	EndGlobalSection
	GlobalSection(ExtensibilityGlobals) = postSolution
		SolutionGuid = {0BECE234-142E-4197-9F61-18379E5713D3}
	EndGlobalSection
EndGlobal
